{
    "_readme": [
        "This file locks the dependencies of your project to a known state",
        "Read more about it at https://getcomposer.org/doc/01-basic-usage.md#composer-lock-the-lock-file",
        "This file is @generated automatically"
    ],
    "content-hash": "1acaeff28f74a520684cde0ad4ea61b4",
    "packages": [],
    "packages-dev": [],
    "aliases": [],
    "minimum-stability": "stable",
    "stability-flags": [],
    "prefer-stable": false,
    "prefer-lowest": false,
    "platform": {
        "php": "^5.6.30 || ^7.0",
        "ext-curl": "*",
        "ext-xml": "*"
    },
    "platform-dev": {
        "ext-mbstring": "*"
    },
    "platform-overrides": {
        "php": "5.6.30"
    }
}
